// !$*UTF8*$!
{
	archiveVersion = 1;
	classes = {
	};
	objectVersion = 56;
	objects = {

/* Begin PBXBuildFile section */
		2B2D14EC2B56F7AC00949206 /* BeerListTableViewCell.swift in Sources */ = {isa = PBXBuildFile; fileRef = 2B2D14EB2B56F7AC00949206 /* BeerListTableViewCell.swift */; };
		2B2D14FA2B579B3200949206 /* .gitignore in Resources */ = {isa = PBXBuildFile; fileRef = 2B2D14F92B579B3200949206 /* .gitignore */; };
		2B2D14FC2B579B5A00949206 /* APIKey.swift in Sources */ = {isa = PBXBuildFile; fileRef = 2B2D14FB2B579B5A00949206 /* APIKey.swift */; };
		2B2D15002B57A3A000949206 /* Book.storyboard in Resources */ = {isa = PBXBuildFile; fileRef = 2B2D14FF2B57A3A000949206 /* Book.storyboard */; };
		2B2D15022B57A41F00949206 /* BookViewController.swift in Sources */ = {isa = PBXBuildFile; fileRef = 2B2D15012B57A41F00949206 /* BookViewController.swift */; };
		2B2D150B2B57A64800949206 /* BookAPIManager.swift in Sources */ = {isa = PBXBuildFile; fileRef = 2B2D150A2B57A64800949206 /* BookAPIManager.swift */; };
		2B2D150D2B57A65400949206 /* Book.swift in Sources */ = {isa = PBXBuildFile; fileRef = 2B2D150C2B57A65400949206 /* Book.swift */; };
		2B2D15102B57AB7700949206 /* BookCollectionViewCell.swift in Sources */ = {isa = PBXBuildFile; fileRef = 2B2D150E2B57AB7700949206 /* BookCollectionViewCell.swift */; };
		2B2D15112B57AB7700949206 /* BookCollectionViewCell.xib in Resources */ = {isa = PBXBuildFile; fileRef = 2B2D150F2B57AB7700949206 /* BookCollectionViewCell.xib */; };
		2B5FE6FB2B56680E004FBD1B /* AppDelegate.swift in Sources */ = {isa = PBXBuildFile; fileRef = 2B5FE6FA2B56680E004FBD1B /* AppDelegate.swift */; };
		2B5FE6FD2B56680E004FBD1B /* SceneDelegate.swift in Sources */ = {isa = PBXBuildFile; fileRef = 2B5FE6FC2B56680E004FBD1B /* SceneDelegate.swift */; };
		2B5FE6FF2B56680E004FBD1B /* ViewController.swift in Sources */ = {isa = PBXBuildFile; fileRef = 2B5FE6FE2B56680E004FBD1B /* ViewController.swift */; };
		2B5FE7022B56680E004FBD1B /* Main.storyboard in Resources */ = {isa = PBXBuildFile; fileRef = 2B5FE7002B56680E004FBD1B /* Main.storyboard */; };
		2B5FE7042B566810004FBD1B /* Assets.xcassets in Resources */ = {isa = PBXBuildFile; fileRef = 2B5FE7032B566810004FBD1B /* Assets.xcassets */; };
		2B5FE7072B566810004FBD1B /* LaunchScreen.storyboard in Resources */ = {isa = PBXBuildFile; fileRef = 2B5FE7052B566810004FBD1B /* LaunchScreen.storyboard */; };
		2B5FE7102B566841004FBD1B /* LotteryViewController.swift in Sources */ = {isa = PBXBuildFile; fileRef = 2B5FE70F2B566841004FBD1B /* LotteryViewController.swift */; };
		2B5FE7122B56684D004FBD1B /* Lottery.storyboard in Resources */ = {isa = PBXBuildFile; fileRef = 2B5FE7112B56684D004FBD1B /* Lottery.storyboard */; };
		2B5FE7142B566FD9004FBD1B /* LottoAPIManager.swift in Sources */ = {isa = PBXBuildFile; fileRef = 2B5FE7132B566FD9004FBD1B /* LottoAPIManager.swift */; };
		2B5FE7172B567021004FBD1B /* Alamofire in Frameworks */ = {isa = PBXBuildFile; productRef = 2B5FE7162B567021004FBD1B /* Alamofire */; };
		2B5FE7192B567103004FBD1B /* Lottery.swift in Sources */ = {isa = PBXBuildFile; fileRef = 2B5FE7182B567103004FBD1B /* Lottery.swift */; };
		2B5FE71C2B56C188004FBD1B /* Beer.swift in Sources */ = {isa = PBXBuildFile; fileRef = 2B5FE71B2B56C188004FBD1B /* Beer.swift */; };
		2B5FE71E2B56C193004FBD1B /* BeerAPIManager.swift in Sources */ = {isa = PBXBuildFile; fileRef = 2B5FE71D2B56C193004FBD1B /* BeerAPIManager.swift */; };
		2B5FE7202B56C1B1004FBD1B /* BeerRecommandViewController.swift in Sources */ = {isa = PBXBuildFile; fileRef = 2B5FE71F2B56C1B1004FBD1B /* BeerRecommandViewController.swift */; };
		2B5FE7222B56C1BA004FBD1B /* BeerRecommand.storyboard in Resources */ = {isa = PBXBuildFile; fileRef = 2B5FE7212B56C1BA004FBD1B /* BeerRecommand.storyboard */; };
		2B5FE7252B56E22D004FBD1B /* Kingfisher in Frameworks */ = {isa = PBXBuildFile; productRef = 2B5FE7242B56E22D004FBD1B /* Kingfisher */; };
		2B5FE7282B56EBFC004FBD1B /* Label + Extension.swift in Sources */ = {isa = PBXBuildFile; fileRef = 2B5FE7272B56EBFC004FBD1B /* Label + Extension.swift */; };
		2B5FE72B2B56EE49004FBD1B /* BeerListViewController.swift in Sources */ = {isa = PBXBuildFile; fileRef = 2B5FE72A2B56EE49004FBD1B /* BeerListViewController.swift */; };
		2B5FE72D2B56F060004FBD1B /* BeerListAPIManager.swift in Sources */ = {isa = PBXBuildFile; fileRef = 2B5FE72C2B56F060004FBD1B /* BeerListAPIManager.swift */; };
		2BE92CA02B57C604003D9000 /* Papago.storyboard in Resources */ = {isa = PBXBuildFile; fileRef = 2BE92C9F2B57C604003D9000 /* Papago.storyboard */; };
		2BE92CA22B57C661003D9000 /* PapagoViewController.swift in Sources */ = {isa = PBXBuildFile; fileRef = 2BE92CA12B57C661003D9000 /* PapagoViewController.swift */; };
		2BE92CA42B57C66E003D9000 /* Papago.swift in Sources */ = {isa = PBXBuildFile; fileRef = 2BE92CA32B57C66E003D9000 /* Papago.swift */; };
		2BE92CA62B57C67F003D9000 /* PapagoAPIManager.swift in Sources */ = {isa = PBXBuildFile; fileRef = 2BE92CA52B57C67F003D9000 /* PapagoAPIManager.swift */; };
		2BE92CAA2B57F960003D9000 /* langaugeTypeViewController.swift in Sources */ = {isa = PBXBuildFile; fileRef = 2BE92CA92B57F960003D9000 /* langaugeTypeViewController.swift */; };
		2BE92CAD2B57FA46003D9000 /* languageTypeTableViewCell.swift in Sources */ = {isa = PBXBuildFile; fileRef = 2BE92CAB2B57FA46003D9000 /* languageTypeTableViewCell.swift */; };
		2BE92CAE2B57FA46003D9000 /* languageTypeTableViewCell.xib in Resources */ = {isa = PBXBuildFile; fileRef = 2BE92CAC2B57FA46003D9000 /* languageTypeTableViewCell.xib */; };
/* End PBXBuildFile section */

/* Begin PBXFileReference section */
		2B2D14EB2B56F7AC00949206 /* BeerListTableViewCell.swift */ = {isa = PBXFileReference; lastKnownFileType = sourcecode.swift; path = BeerListTableViewCell.swift; sourceTree = "<group>"; };
		2B2D14F92B579B3200949206 /* .gitignore */ = {isa = PBXFileReference; lastKnownFileType = text; path = .gitignore; sourceTree = "<group>"; };
		2B2D14FB2B579B5A00949206 /* APIKey.swift */ = {isa = PBXFileReference; lastKnownFileType = sourcecode.swift; path = APIKey.swift; sourceTree = "<group>"; };
		2B2D14FF2B57A3A000949206 /* Book.storyboard */ = {isa = PBXFileReference; lastKnownFileType = file.storyboard; path = Book.storyboard; sourceTree = "<group>"; };
		2B2D15012B57A41F00949206 /* BookViewController.swift */ = {isa = PBXFileReference; lastKnownFileType = sourcecode.swift; path = BookViewController.swift; sourceTree = "<group>"; };
		2B2D150A2B57A64800949206 /* BookAPIManager.swift */ = {isa = PBXFileReference; lastKnownFileType = sourcecode.swift; path = BookAPIManager.swift; sourceTree = "<group>"; };
		2B2D150C2B57A65400949206 /* Book.swift */ = {isa = PBXFileReference; lastKnownFileType = sourcecode.swift; path = Book.swift; sourceTree = "<group>"; };
		2B2D150E2B57AB7700949206 /* BookCollectionViewCell.swift */ = {isa = PBXFileReference; lastKnownFileType = sourcecode.swift; path = BookCollectionViewCell.swift; sourceTree = "<group>"; };
		2B2D150F2B57AB7700949206 /* BookCollectionViewCell.xib */ = {isa = PBXFileReference; lastKnownFileType = file.xib; path = BookCollectionViewCell.xib; sourceTree = "<group>"; };
		2B5FE6F72B56680E004FBD1B /* NetworkPractice.app */ = {isa = PBXFileReference; explicitFileType = wrapper.application; includeInIndex = 0; path = NetworkPractice.app; sourceTree = BUILT_PRODUCTS_DIR; };
		2B5FE6FA2B56680E004FBD1B /* AppDelegate.swift */ = {isa = PBXFileReference; lastKnownFileType = sourcecode.swift; path = AppDelegate.swift; sourceTree = "<group>"; };
		2B5FE6FC2B56680E004FBD1B /* SceneDelegate.swift */ = {isa = PBXFileReference; lastKnownFileType = sourcecode.swift; path = SceneDelegate.swift; sourceTree = "<group>"; };
		2B5FE6FE2B56680E004FBD1B /* ViewController.swift */ = {isa = PBXFileReference; lastKnownFileType = sourcecode.swift; path = ViewController.swift; sourceTree = "<group>"; };
		2B5FE7012B56680E004FBD1B /* Base */ = {isa = PBXFileReference; lastKnownFileType = file.storyboard; name = Base; path = Base.lproj/Main.storyboard; sourceTree = "<group>"; };
		2B5FE7032B566810004FBD1B /* Assets.xcassets */ = {isa = PBXFileReference; lastKnownFileType = folder.assetcatalog; path = Assets.xcassets; sourceTree = "<group>"; };
		2B5FE7062B566810004FBD1B /* Base */ = {isa = PBXFileReference; lastKnownFileType = file.storyboard; name = Base; path = Base.lproj/LaunchScreen.storyboard; sourceTree = "<group>"; };
		2B5FE7082B566810004FBD1B /* Info.plist */ = {isa = PBXFileReference; lastKnownFileType = text.plist.xml; path = Info.plist; sourceTree = "<group>"; };
		2B5FE70F2B566841004FBD1B /* LotteryViewController.swift */ = {isa = PBXFileReference; lastKnownFileType = sourcecode.swift; path = LotteryViewController.swift; sourceTree = "<group>"; };
		2B5FE7112B56684D004FBD1B /* Lottery.storyboard */ = {isa = PBXFileReference; lastKnownFileType = file.storyboard; path = Lottery.storyboard; sourceTree = "<group>"; };
		2B5FE7132B566FD9004FBD1B /* LottoAPIManager.swift */ = {isa = PBXFileReference; lastKnownFileType = sourcecode.swift; path = LottoAPIManager.swift; sourceTree = "<group>"; };
		2B5FE7182B567103004FBD1B /* Lottery.swift */ = {isa = PBXFileReference; lastKnownFileType = sourcecode.swift; path = Lottery.swift; sourceTree = "<group>"; };
		2B5FE71B2B56C188004FBD1B /* Beer.swift */ = {isa = PBXFileReference; lastKnownFileType = sourcecode.swift; path = Beer.swift; sourceTree = "<group>"; };
		2B5FE71D2B56C193004FBD1B /* BeerAPIManager.swift */ = {isa = PBXFileReference; lastKnownFileType = sourcecode.swift; path = BeerAPIManager.swift; sourceTree = "<group>"; };
		2B5FE71F2B56C1B1004FBD1B /* BeerRecommandViewController.swift */ = {isa = PBXFileReference; lastKnownFileType = sourcecode.swift; path = BeerRecommandViewController.swift; sourceTree = "<group>"; };
		2B5FE7212B56C1BA004FBD1B /* BeerRecommand.storyboard */ = {isa = PBXFileReference; lastKnownFileType = file.storyboard; path = BeerRecommand.storyboard; sourceTree = "<group>"; };
		2B5FE7272B56EBFC004FBD1B /* Label + Extension.swift */ = {isa = PBXFileReference; lastKnownFileType = sourcecode.swift; path = "Label + Extension.swift"; sourceTree = "<group>"; };
		2B5FE72A2B56EE49004FBD1B /* BeerListViewController.swift */ = {isa = PBXFileReference; lastKnownFileType = sourcecode.swift; path = BeerListViewController.swift; sourceTree = "<group>"; };
		2B5FE72C2B56F060004FBD1B /* BeerListAPIManager.swift */ = {isa = PBXFileReference; lastKnownFileType = sourcecode.swift; path = BeerListAPIManager.swift; sourceTree = "<group>"; };
		2BE92C9F2B57C604003D9000 /* Papago.storyboard */ = {isa = PBXFileReference; lastKnownFileType = file.storyboard; path = Papago.storyboard; sourceTree = "<group>"; };
		2BE92CA12B57C661003D9000 /* PapagoViewController.swift */ = {isa = PBXFileReference; lastKnownFileType = sourcecode.swift; path = PapagoViewController.swift; sourceTree = "<group>"; };
		2BE92CA32B57C66E003D9000 /* Papago.swift */ = {isa = PBXFileReference; lastKnownFileType = sourcecode.swift; path = Papago.swift; sourceTree = "<group>"; };
		2BE92CA52B57C67F003D9000 /* PapagoAPIManager.swift */ = {isa = PBXFileReference; lastKnownFileType = sourcecode.swift; path = PapagoAPIManager.swift; sourceTree = "<group>"; };
		2BE92CA92B57F960003D9000 /* langaugeTypeViewController.swift */ = {isa = PBXFileReference; lastKnownFileType = sourcecode.swift; path = langaugeTypeViewController.swift; sourceTree = "<group>"; };
		2BE92CAB2B57FA46003D9000 /* languageTypeTableViewCell.swift */ = {isa = PBXFileReference; lastKnownFileType = sourcecode.swift; path = languageTypeTableViewCell.swift; sourceTree = "<group>"; };
		2BE92CAC2B57FA46003D9000 /* languageTypeTableViewCell.xib */ = {isa = PBXFileReference; lastKnownFileType = file.xib; path = languageTypeTableViewCell.xib; sourceTree = "<group>"; };
/* End PBXFileReference section */

/* Begin PBXFrameworksBuildPhase section */
		2B5FE6F42B56680E004FBD1B /* Frameworks */ = {
			isa = PBXFrameworksBuildPhase;
			buildActionMask = 2147483647;
			files = (
				2B5FE7252B56E22D004FBD1B /* Kingfisher in Frameworks */,
				2B5FE7172B567021004FBD1B /* Alamofire in Frameworks */,
			);
			runOnlyForDeploymentPostprocessing = 0;
		};
/* End PBXFrameworksBuildPhase section */

/* Begin PBXGroup section */
		2B2D14FE2B57A37800949206 /* Book */ = {
			isa = PBXGroup;
			children = (
				2B2D14FF2B57A3A000949206 /* Book.storyboard */,
				2B2D15012B57A41F00949206 /* BookViewController.swift */,
			);
			path = Book;
			sourceTree = "<group>";
		};
		2B2D15072B57A5A500949206 /* Cell */ = {
			isa = PBXGroup;
			children = (
				2B2D14EB2B56F7AC00949206 /* BeerListTableViewCell.swift */,
				2B2D150E2B57AB7700949206 /* BookCollectionViewCell.swift */,
				2B2D150F2B57AB7700949206 /* BookCollectionViewCell.xib */,
				2BE92CAB2B57FA46003D9000 /* languageTypeTableViewCell.swift */,
				2BE92CAC2B57FA46003D9000 /* languageTypeTableViewCell.xib */,
			);
			path = Cell;
			sourceTree = "<group>";
		};
		2B2D15082B57A5C500949206 /* Model */ = {
			isa = PBXGroup;
			children = (
				2B5FE71B2B56C188004FBD1B /* Beer.swift */,
				2B5FE7182B567103004FBD1B /* Lottery.swift */,
				2B2D150C2B57A65400949206 /* Book.swift */,
				2BE92CA32B57C66E003D9000 /* Papago.swift */,
			);
			path = Model;
			sourceTree = "<group>";
		};
		2B2D15092B57A5E500949206 /* APIManager */ = {
			isa = PBXGroup;
			children = (
				2B5FE7132B566FD9004FBD1B /* LottoAPIManager.swift */,
				2B5FE71D2B56C193004FBD1B /* BeerAPIManager.swift */,
				2B5FE72C2B56F060004FBD1B /* BeerListAPIManager.swift */,
				2B2D150A2B57A64800949206 /* BookAPIManager.swift */,
				2BE92CA52B57C67F003D9000 /* PapagoAPIManager.swift */,
			);
			path = APIManager;
			sourceTree = "<group>";
		};
		2B5FE6EE2B56680E004FBD1B = {
			isa = PBXGroup;
			children = (
				2B2D14F92B579B3200949206 /* .gitignore */,
				2B5FE6F92B56680E004FBD1B /* NetworkPractice */,
				2B5FE6F82B56680E004FBD1B /* Products */,
			);
			sourceTree = "<group>";
		};
		2B5FE6F82B56680E004FBD1B /* Products */ = {
			isa = PBXGroup;
			children = (
				2B5FE6F72B56680E004FBD1B /* NetworkPractice.app */,
			);
			name = Products;
			sourceTree = "<group>";
		};
		2B5FE6F92B56680E004FBD1B /* NetworkPractice */ = {
			isa = PBXGroup;
			children = (
				2B2D15092B57A5E500949206 /* APIManager */,
				2B2D15082B57A5C500949206 /* Model */,
				2B2D15072B57A5A500949206 /* Cell */,
				2B5FE7262B56EBE7004FBD1B /* Extension */,
				2B5FE71A2B56C179004FBD1B /* Beer */,
				2B5FE70E2B56682B004FBD1B /* Lottery */,
				2B2D14FE2B57A37800949206 /* Book */,
				2BE92C9E2B57C5F3003D9000 /* Papago */,
				2B5FE6FA2B56680E004FBD1B /* AppDelegate.swift */,
				2B5FE6FC2B56680E004FBD1B /* SceneDelegate.swift */,
				2B5FE6FE2B56680E004FBD1B /* ViewController.swift */,
				2B5FE7002B56680E004FBD1B /* Main.storyboard */,
				2B5FE7032B566810004FBD1B /* Assets.xcassets */,
				2B5FE7052B566810004FBD1B /* LaunchScreen.storyboard */,
				2B5FE7082B566810004FBD1B /* Info.plist */,
				2B2D14FB2B579B5A00949206 /* APIKey.swift */,
			);
			path = NetworkPractice;
			sourceTree = "<group>";
		};
		2B5FE70E2B56682B004FBD1B /* Lottery */ = {
			isa = PBXGroup;
			children = (
				2B5FE7112B56684D004FBD1B /* Lottery.storyboard */,
				2B5FE70F2B566841004FBD1B /* LotteryViewController.swift */,
			);
			path = Lottery;
			sourceTree = "<group>";
		};
		2B5FE71A2B56C179004FBD1B /* Beer */ = {
			isa = PBXGroup;
			children = (
				2B5FE7212B56C1BA004FBD1B /* BeerRecommand.storyboard */,
				2B5FE7292B56EE00004FBD1B /* RandomBeer */,
				2B5FE72A2B56EE49004FBD1B /* BeerListViewController.swift */,
			);
			path = Beer;
			sourceTree = "<group>";
		};
		2B5FE7262B56EBE7004FBD1B /* Extension */ = {
			isa = PBXGroup;
			children = (
				2B5FE7272B56EBFC004FBD1B /* Label + Extension.swift */,
			);
			path = Extension;
			sourceTree = "<group>";
		};
		2B5FE7292B56EE00004FBD1B /* RandomBeer */ = {
			isa = PBXGroup;
			children = (
				2B5FE71F2B56C1B1004FBD1B /* BeerRecommandViewController.swift */,
			);
			path = RandomBeer;
			sourceTree = "<group>";
		};
		2BE92C9E2B57C5F3003D9000 /* Papago */ = {
			isa = PBXGroup;
			children = (
				2BE92C9F2B57C604003D9000 /* Papago.storyboard */,
				2BE92CA12B57C661003D9000 /* PapagoViewController.swift */,
				2BE92CA92B57F960003D9000 /* langaugeTypeViewController.swift */,
			);
			path = Papago;
			sourceTree = "<group>";
		};
/* End PBXGroup section */

/* Begin PBXNativeTarget section */
		2B5FE6F62B56680E004FBD1B /* NetworkPractice */ = {
			isa = PBXNativeTarget;
			buildConfigurationList = 2B5FE70B2B566810004FBD1B /* Build configuration list for PBXNativeTarget "NetworkPractice" */;
			buildPhases = (
				2B5FE6F32B56680E004FBD1B /* Sources */,
				2B5FE6F42B56680E004FBD1B /* Frameworks */,
				2B5FE6F52B56680E004FBD1B /* Resources */,
			);
			buildRules = (
			);
			dependencies = (
			);
			name = NetworkPractice;
			packageProductDependencies = (
				2B5FE7162B567021004FBD1B /* Alamofire */,
				2B5FE7242B56E22D004FBD1B /* Kingfisher */,
			);
			productName = NetworkPractice;
			productReference = 2B5FE6F72B56680E004FBD1B /* NetworkPractice.app */;
			productType = "com.apple.product-type.application";
		};
/* End PBXNativeTarget section */

/* Begin PBXProject section */
		2B5FE6EF2B56680E004FBD1B /* Project object */ = {
			isa = PBXProject;
			attributes = {
				BuildIndependentTargetsInParallel = 1;
				LastSwiftUpdateCheck = 1510;
				LastUpgradeCheck = 1510;
				TargetAttributes = {
					2B5FE6F62B56680E004FBD1B = {
						CreatedOnToolsVersion = 15.1;
					};
				};
			};
			buildConfigurationList = 2B5FE6F22B56680E004FBD1B /* Build configuration list for PBXProject "NetworkPractice" */;
			compatibilityVersion = "Xcode 14.0";
			developmentRegion = en;
			hasScannedForEncodings = 0;
			knownRegions = (
				en,
				Base,
			);
			mainGroup = 2B5FE6EE2B56680E004FBD1B;
			packageReferences = (
				2B5FE7152B567021004FBD1B /* XCRemoteSwiftPackageReference "Alamofire" */,
				2B5FE7232B56E22D004FBD1B /* XCRemoteSwiftPackageReference "Kingfisher" */,
			);
			productRefGroup = 2B5FE6F82B56680E004FBD1B /* Products */;
			projectDirPath = "";
			projectRoot = "";
			targets = (
				2B5FE6F62B56680E004FBD1B /* NetworkPractice */,
			);
		};
/* End PBXProject section */

/* Begin PBXResourcesBuildPhase section */
		2B5FE6F52B56680E004FBD1B /* Resources */ = {
			isa = PBXResourcesBuildPhase;
			buildActionMask = 2147483647;
			files = (
				2B5FE7222B56C1BA004FBD1B /* BeerRecommand.storyboard in Resources */,
				2B5FE7122B56684D004FBD1B /* Lottery.storyboard in Resources */,
				2B5FE7072B566810004FBD1B /* LaunchScreen.storyboard in Resources */,
				2B2D15002B57A3A000949206 /* Book.storyboard in Resources */,
				2B5FE7042B566810004FBD1B /* Assets.xcassets in Resources */,
				2BE92CAE2B57FA46003D9000 /* languageTypeTableViewCell.xib in Resources */,
				2BE92CA02B57C604003D9000 /* Papago.storyboard in Resources */,
				2B2D15112B57AB7700949206 /* BookCollectionViewCell.xib in Resources */,
				2B2D14FA2B579B3200949206 /* .gitignore in Resources */,
				2B5FE7022B56680E004FBD1B /* Main.storyboard in Resources */,
			);
			runOnlyForDeploymentPostprocessing = 0;
		};
/* End PBXResourcesBuildPhase section */

/* Begin PBXSourcesBuildPhase section */
		2B5FE6F32B56680E004FBD1B /* Sources */ = {
			isa = PBXSourcesBuildPhase;
			buildActionMask = 2147483647;
			files = (
				2B5FE7102B566841004FBD1B /* LotteryViewController.swift in Sources */,
				2B5FE7192B567103004FBD1B /* Lottery.swift in Sources */,
				2B5FE7282B56EBFC004FBD1B /* Label + Extension.swift in Sources */,
				2B2D15102B57AB7700949206 /* BookCollectionViewCell.swift in Sources */,
				2B2D150B2B57A64800949206 /* BookAPIManager.swift in Sources */,
				2B5FE71E2B56C193004FBD1B /* BeerAPIManager.swift in Sources */,
				2B5FE7142B566FD9004FBD1B /* LottoAPIManager.swift in Sources */,
				2BE92CAD2B57FA46003D9000 /* languageTypeTableViewCell.swift in Sources */,
				2B5FE6FF2B56680E004FBD1B /* ViewController.swift in Sources */,
				2B5FE6FB2B56680E004FBD1B /* AppDelegate.swift in Sources */,
				2B5FE71C2B56C188004FBD1B /* Beer.swift in Sources */,
				2B2D14FC2B579B5A00949206 /* APIKey.swift in Sources */,
				2BE92CA22B57C661003D9000 /* PapagoViewController.swift in Sources */,
				2B2D14EC2B56F7AC00949206 /* BeerListTableViewCell.swift in Sources */,
				2BE92CAA2B57F960003D9000 /* langaugeTypeViewController.swift in Sources */,
				2BE92CA62B57C67F003D9000 /* PapagoAPIManager.swift in Sources */,
				2B5FE6FD2B56680E004FBD1B /* SceneDelegate.swift in Sources */,
				2B5FE72B2B56EE49004FBD1B /* BeerListViewController.swift in Sources */,
				2BE92CA42B57C66E003D9000 /* Papago.swift in Sources */,
				2B2D150D2B57A65400949206 /* Book.swift in Sources */,
				2B2D15022B57A41F00949206 /* BookViewController.swift in Sources */,
				2B5FE7202B56C1B1004FBD1B /* BeerRecommandViewController.swift in Sources */,
				2B5FE72D2B56F060004FBD1B /* BeerListAPIManager.swift in Sources */,
			);
			runOnlyForDeploymentPostprocessing = 0;
		};
/* End PBXSourcesBuildPhase section */

/* Begin PBXVariantGroup section */
		2B5FE7002B56680E004FBD1B /* Main.storyboard */ = {
			isa = PBXVariantGroup;
			children = (
				2B5FE7012B56680E004FBD1B /* Base */,
			);
			name = Main.storyboard;
			sourceTree = "<group>";
		};
		2B5FE7052B566810004FBD1B /* LaunchScreen.storyboard */ = {
			isa = PBXVariantGroup;
			children = (
				2B5FE7062B566810004FBD1B /* Base */,
			);
			name = LaunchScreen.storyboard;
			sourceTree = "<group>";
		};
/* End PBXVariantGroup section */

/* Begin XCBuildConfiguration section */
		2B5FE7092B566810004FBD1B /* Debug */ = {
			isa = XCBuildConfiguration;
			buildSettings = {
				ALWAYS_SEARCH_USER_PATHS = NO;
				ASSETCATALOG_COMPILER_GENERATE_SWIFT_ASSET_SYMBOL_EXTENSIONS = YES;
				CLANG_ANALYZER_NONNULL = YES;
				CLANG_ANALYZER_NUMBER_OBJECT_CONVERSION = YES_AGGRESSIVE;
				CLANG_CXX_LANGUAGE_STANDARD = "gnu++20";
				CLANG_ENABLE_MODULES = YES;
				CLANG_ENABLE_OBJC_ARC = YES;
				CLANG_ENABLE_OBJC_WEAK = YES;
				CLANG_WARN_BLOCK_CAPTURE_AUTORELEASING = YES;
				CLANG_WARN_BOOL_CONVERSION = YES;
				CLANG_WARN_COMMA = YES;
				CLANG_WARN_CONSTANT_CONVERSION = YES;
				CLANG_WARN_DEPRECATED_OBJC_IMPLEMENTATIONS = YES;
				CLANG_WARN_DIRECT_OBJC_ISA_USAGE = YES_ERROR;
				CLANG_WARN_DOCUMENTATION_COMMENTS = YES;
				CLANG_WARN_EMPTY_BODY = YES;
				CLANG_WARN_ENUM_CONVERSION = YES;
				CLANG_WARN_INFINITE_RECURSION = YES;
				CLANG_WARN_INT_CONVERSION = YES;
				CLANG_WARN_NON_LITERAL_NULL_CONVERSION = YES;
				CLANG_WARN_OBJC_IMPLICIT_RETAIN_SELF = YES;
				CLANG_WARN_OBJC_LITERAL_CONVERSION = YES;
				CLANG_WARN_OBJC_ROOT_CLASS = YES_ERROR;
				CLANG_WARN_QUOTED_INCLUDE_IN_FRAMEWORK_HEADER = YES;
				CLANG_WARN_RANGE_LOOP_ANALYSIS = YES;
				CLANG_WARN_STRICT_PROTOTYPES = YES;
				CLANG_WARN_SUSPICIOUS_MOVE = YES;
				CLANG_WARN_UNGUARDED_AVAILABILITY = YES_AGGRESSIVE;
				CLANG_WARN_UNREACHABLE_CODE = YES;
				CLANG_WARN__DUPLICATE_METHOD_MATCH = YES;
				COPY_PHASE_STRIP = NO;
				DEBUG_INFORMATION_FORMAT = dwarf;
				ENABLE_STRICT_OBJC_MSGSEND = YES;
				ENABLE_TESTABILITY = YES;
				ENABLE_USER_SCRIPT_SANDBOXING = YES;
				GCC_C_LANGUAGE_STANDARD = gnu17;
				GCC_DYNAMIC_NO_PIC = NO;
				GCC_NO_COMMON_BLOCKS = YES;
				GCC_OPTIMIZATION_LEVEL = 0;
				GCC_PREPROCESSOR_DEFINITIONS = (
					"DEBUG=1",
					"$(inherited)",
				);
				GCC_WARN_64_TO_32_BIT_CONVERSION = YES;
				GCC_WARN_ABOUT_RETURN_TYPE = YES_ERROR;
				GCC_WARN_UNDECLARED_SELECTOR = YES;
				GCC_WARN_UNINITIALIZED_AUTOS = YES_AGGRESSIVE;
				GCC_WARN_UNUSED_FUNCTION = YES;
				GCC_WARN_UNUSED_VARIABLE = YES;
				IPHONEOS_DEPLOYMENT_TARGET = 17.2;
				LOCALIZATION_PREFERS_STRING_CATALOGS = YES;
				MTL_ENABLE_DEBUG_INFO = INCLUDE_SOURCE;
				MTL_FAST_MATH = YES;
				ONLY_ACTIVE_ARCH = YES;
				SDKROOT = iphoneos;
				SWIFT_ACTIVE_COMPILATION_CONDITIONS = "DEBUG $(inherited)";
				SWIFT_OPTIMIZATION_LEVEL = "-Onone";
			};
			name = Debug;
		};
		2B5FE70A2B566810004FBD1B /* Release */ = {
			isa = XCBuildConfiguration;
			buildSettings = {
				ALWAYS_SEARCH_USER_PATHS = NO;
				ASSETCATALOG_COMPILER_GENERATE_SWIFT_ASSET_SYMBOL_EXTENSIONS = YES;
				CLANG_ANALYZER_NONNULL = YES;
				CLANG_ANALYZER_NUMBER_OBJECT_CONVERSION = YES_AGGRESSIVE;
				CLANG_CXX_LANGUAGE_STANDARD = "gnu++20";
				CLANG_ENABLE_MODULES = YES;
				CLANG_ENABLE_OBJC_ARC = YES;
				CLANG_ENABLE_OBJC_WEAK = YES;
				CLANG_WARN_BLOCK_CAPTURE_AUTORELEASING = YES;
				CLANG_WARN_BOOL_CONVERSION = YES;
				CLANG_WARN_COMMA = YES;
				CLANG_WARN_CONSTANT_CONVERSION = YES;
				CLANG_WARN_DEPRECATED_OBJC_IMPLEMENTATIONS = YES;
				CLANG_WARN_DIRECT_OBJC_ISA_USAGE = YES_ERROR;
				CLANG_WARN_DOCUMENTATION_COMMENTS = YES;
				CLANG_WARN_EMPTY_BODY = YES;
				CLANG_WARN_ENUM_CONVERSION = YES;
				CLANG_WARN_INFINITE_RECURSION = YES;
				CLANG_WARN_INT_CONVERSION = YES;
				CLANG_WARN_NON_LITERAL_NULL_CONVERSION = YES;
				CLANG_WARN_OBJC_IMPLICIT_RETAIN_SELF = YES;
				CLANG_WARN_OBJC_LITERAL_CONVERSION = YES;
				CLANG_WARN_OBJC_ROOT_CLASS = YES_ERROR;
				CLANG_WARN_QUOTED_INCLUDE_IN_FRAMEWORK_HEADER = YES;
				CLANG_WARN_RANGE_LOOP_ANALYSIS = YES;
				CLANG_WARN_STRICT_PROTOTYPES = YES;
				CLANG_WARN_SUSPICIOUS_MOVE = YES;
				CLANG_WARN_UNGUARDED_AVAILABILITY = YES_AGGRESSIVE;
				CLANG_WARN_UNREACHABLE_CODE = YES;
				CLANG_WARN__DUPLICATE_METHOD_MATCH = YES;
				COPY_PHASE_STRIP = NO;
				DEBUG_INFORMATION_FORMAT = "dwarf-with-dsym";
				ENABLE_NS_ASSERTIONS = NO;
				ENABLE_STRICT_OBJC_MSGSEND = YES;
				ENABLE_USER_SCRIPT_SANDBOXING = YES;
				GCC_C_LANGUAGE_STANDARD = gnu17;
				GCC_NO_COMMON_BLOCKS = YES;
				GCC_WARN_64_TO_32_BIT_CONVERSION = YES;
				GCC_WARN_ABOUT_RETURN_TYPE = YES_ERROR;
				GCC_WARN_UNDECLARED_SELECTOR = YES;
				GCC_WARN_UNINITIALIZED_AUTOS = YES_AGGRESSIVE;
				GCC_WARN_UNUSED_FUNCTION = YES;
				GCC_WARN_UNUSED_VARIABLE = YES;
				IPHONEOS_DEPLOYMENT_TARGET = 17.2;
				LOCALIZATION_PREFERS_STRING_CATALOGS = YES;
				MTL_ENABLE_DEBUG_INFO = NO;
				MTL_FAST_MATH = YES;
				SDKROOT = iphoneos;
				SWIFT_COMPILATION_MODE = wholemodule;
				VALIDATE_PRODUCT = YES;
			};
			name = Release;
		};
		2B5FE70C2B566810004FBD1B /* Debug */ = {
			isa = XCBuildConfiguration;
			buildSettings = {
				ASSETCATALOG_COMPILER_APPICON_NAME = AppIcon;
				ASSETCATALOG_COMPILER_GLOBAL_ACCENT_COLOR_NAME = AccentColor;
				CODE_SIGN_STYLE = Automatic;
				CURRENT_PROJECT_VERSION = 1;
				GENERATE_INFOPLIST_FILE = YES;
				INFOPLIST_FILE = NetworkPractice/Info.plist;
				INFOPLIST_KEY_UIApplicationSupportsIndirectInputEvents = YES;
				INFOPLIST_KEY_UILaunchStoryboardName = LaunchScreen;
				INFOPLIST_KEY_UIMainStoryboardFile = Main;
				INFOPLIST_KEY_UISupportedInterfaceOrientations_iPad = "UIInterfaceOrientationPortrait UIInterfaceOrientationPortraitUpsideDown UIInterfaceOrientationLandscapeLeft UIInterfaceOrientationLandscapeRight";
				INFOPLIST_KEY_UISupportedInterfaceOrientations_iPhone = "UIInterfaceOrientationPortrait UIInterfaceOrientationLandscapeLeft UIInterfaceOrientationLandscapeRight";
				IPHONEOS_DEPLOYMENT_TARGET = 17.0;
				LD_RUNPATH_SEARCH_PATHS = (
					"$(inherited)",
					"@executable_path/Frameworks",
				);
				MARKETING_VERSION = 1.0;
				PRODUCT_BUNDLE_IDENTIFIER = com.seo.NetworkPractice;
				PRODUCT_NAME = "$(TARGET_NAME)";
				SWIFT_EMIT_LOC_STRINGS = YES;
				SWIFT_VERSION = 5.0;
				TARGETED_DEVICE_FAMILY = "1,2";
			};
			name = Debug;
		};
		2B5FE70D2B566810004FBD1B /* Release */ = {
			isa = XCBuildConfiguration;
			buildSettings = {
				ASSETCATALOG_COMPILER_APPICON_NAME = AppIcon;
				ASSETCATALOG_COMPILER_GLOBAL_ACCENT_COLOR_NAME = AccentColor;
				CODE_SIGN_STYLE = Automatic;
				CURRENT_PROJECT_VERSION = 1;
				GENERATE_INFOPLIST_FILE = YES;
				INFOPLIST_FILE = NetworkPractice/Info.plist;
				INFOPLIST_KEY_UIApplicationSupportsIndirectInputEvents = YES;
				INFOPLIST_KEY_UILaunchStoryboardName = LaunchScreen;
				INFOPLIST_KEY_UIMainStoryboardFile = Main;
				INFOPLIST_KEY_UISupportedInterfaceOrientations_iPad = "UIInterfaceOrientationPortrait UIInterfaceOrientationPortraitUpsideDown UIInterfaceOrientationLandscapeLeft UIInterfaceOrientationLandscapeRight";
				INFOPLIST_KEY_UISupportedInterfaceOrientations_iPhone = "UIInterfaceOrientationPortrait UIInterfaceOrientationLandscapeLeft UIInterfaceOrientationLandscapeRight";
				IPHONEOS_DEPLOYMENT_TARGET = 17.0;
				LD_RUNPATH_SEARCH_PATHS = (
					"$(inherited)",
					"@executable_path/Frameworks",
				);
				MARKETING_VERSION = 1.0;
				PRODUCT_BUNDLE_IDENTIFIER = com.seo.NetworkPractice;
				PRODUCT_NAME = "$(TARGET_NAME)";
				SWIFT_EMIT_LOC_STRINGS = YES;
				SWIFT_VERSION = 5.0;
				TARGETED_DEVICE_FAMILY = "1,2";
			};
			name = Release;
		};
/* End XCBuildConfiguration section */

/* Begin XCConfigurationList section */
		2B5FE6F22B56680E004FBD1B /* Build configuration list for PBXProject "NetworkPractice" */ = {
			isa = XCConfigurationList;
			buildConfigurations = (
				2B5FE7092B566810004FBD1B /* Debug */,
				2B5FE70A2B566810004FBD1B /* Release */,
			);
			defaultConfigurationIsVisible = 0;
			defaultConfigurationName = Release;
		};
		2B5FE70B2B566810004FBD1B /* Build configuration list for PBXNativeTarget "NetworkPractice" */ = {
			isa = XCConfigurationList;
			buildConfigurations = (
				2B5FE70C2B566810004FBD1B /* Debug */,
				2B5FE70D2B566810004FBD1B /* Release */,
			);
			defaultConfigurationIsVisible = 0;
			defaultConfigurationName = Release;
		};
/* End XCConfigurationList section */

/* Begin XCRemoteSwiftPackageReference section */
		2B5FE7152B567021004FBD1B /* XCRemoteSwiftPackageReference "Alamofire" */ = {
			isa = XCRemoteSwiftPackageReference;
			repositoryURL = "https://github.com/Alamofire/Alamofire.git";
			requirement = {
				kind = upToNextMajorVersion;
				minimumVersion = 5.8.1;
			};
		};
		2B5FE7232B56E22D004FBD1B /* XCRemoteSwiftPackageReference "Kingfisher" */ = {
			isa = XCRemoteSwiftPackageReference;
			repositoryURL = "https://github.com/onevcat/Kingfisher.git";
			requirement = {
				kind = upToNextMajorVersion;
				minimumVersion = 7.10.2;
			};
		};
/* End XCRemoteSwiftPackageReference section */

/* Begin XCSwiftPackageProductDependency section */
		2B5FE7162B567021004FBD1B /* Alamofire */ = {
			isa = XCSwiftPackageProductDependency;
			package = 2B5FE7152B567021004FBD1B /* XCRemoteSwiftPackageReference "Alamofire" */;
			productName = Alamofire;
		};
		2B5FE7242B56E22D004FBD1B /* Kingfisher */ = {
			isa = XCSwiftPackageProductDependency;
			package = 2B5FE7232B56E22D004FBD1B /* XCRemoteSwiftPackageReference "Kingfisher" */;
			productName = Kingfisher;
		};
/* End XCSwiftPackageProductDependency section */
	};
	rootObject = 2B5FE6EF2B56680E004FBD1B /* Project object */;
}
